dependencies:
  espressif/bdc_motor:
    component_hash: 9292b605cfd390ff62225caa93e02700b86377e6a3156620192e4876dcf87b27
    source:
      service_url: https://api.components.espressif.com/
      type: service
    version: 0.1.0
  espressif/pid_ctrl:
    component_hash: 22af0226d7adbea821e4c1a8c1fa5dad23c883eb7457e95e19342883a37c44a3
    source:
      service_url: https://api.components.espressif.com/
      type: service
    version: 0.2.0
  idf:
    component_hash: null
    source:
      type: idf
    version: 5.1.0
manifest_hash: 5e4d9c767d939198f22dbf7c7e1bfb6d529241e760fec3176a42a85d3aebfa14
target: esp32
version: 1.0.0
